
Microsoft Visual Studio Solution File, Format Version 12.00
# Visual Studio Version 17
VisualStudioVersion = 17.13.35825.156 d17.13
MinimumVisualStudioVersion = 10.0.40219.1
Project("{D2ABAB84-BF74-430A-B69E-9DC6D40DDA17}") = "SSAS allegro", "SSAS allegro\SSAS allegro.dwproj", "{9747B07A-9A4B-337D-CF4C-871E77521EA2}"
EndProject
Global
	GlobalSection(SolutionConfigurationPlatforms) = preSolution
		Development|Default = Development|Default
	EndGlobalSection
	GlobalSection(ProjectConfigurationPlatforms) = postSolution
		{9747B07A-9A4B-337D-CF4C-871E77521EA2}.Development|Default.ActiveCfg = Development
		{9747B07A-9A4B-337D-CF4C-871E77521EA2}.Development|Default.Build.0 = Development
		{9747B07A-9A4B-337D-CF4C-871E77521EA2}.Development|Default.Deploy.0 = Development
	EndGlobalSection
	GlobalSection(SolutionProperties) = preSolution
		HideSolutionNode = FALSE
	EndGlobalSection
	GlobalSection(ExtensibilityGlobals) = postSolution
		SolutionGuid = {80C35B08-F4AC-43F1-AF8A-69C64D15026A}
	EndGlobalSection
EndGlobal
