
Microsoft Visual Studio Solution File, Format Version 12.00
# Visual Studio Version 17
VisualStudioVersion = 17.13.35825.156 d17.13
MinimumVisualStudioVersion = 10.0.40219.1
Project("{D2ABAB84-BF74-430A-B69E-9DC6D40DDA17}") = "SSAS Allegro LATEST", "SSAS Allegro LATEST\SSAS Allegro LATEST.dwproj", "{4D0805A0-D819-FCEB-42B3-AB51861CECDC}"
EndProject
Global
	GlobalSection(SolutionConfigurationPlatforms) = preSolution
		Development|Default = Development|Default
	EndGlobalSection
	GlobalSection(ProjectConfigurationPlatforms) = postSolution
		{4D0805A0-D819-FCEB-42B3-AB51861CECDC}.Development|Default.ActiveCfg = Development
		{4D0805A0-D819-FCEB-42B3-AB51861CECDC}.Development|Default.Build.0 = Development
		{4D0805A0-D819-FCEB-42B3-AB51861CECDC}.Development|Default.Deploy.0 = Development
	EndGlobalSection
	GlobalSection(SolutionProperties) = preSolution
		HideSolutionNode = FALSE
	EndGlobalSection
	GlobalSection(ExtensibilityGlobals) = postSolution
		SolutionGuid = {F522E5FD-4EDC-4D3E-9E17-1EE4DBF90B33}
	EndGlobalSection
EndGlobal
