
Microsoft Visual Studio Solution File, Format Version 12.00
# Visual Studio Version 17
VisualStudioVersion = 17.13.35825.156
MinimumVisualStudioVersion = 10.0.40219.1
Project("{2150E333-8FDC-42A3-9474-1A3956D46DE8}") = "Common", "Common", "{02EA681E-C7D8-13C7-8484-4AC65E1B71E8}"
EndProject
Project("{2150E333-8FDC-42A3-9474-1A3956D46DE8}") = "MicroReservation", "MicroReservation", "{CB160C99-217D-4438-B2D4-197310E78628}"
EndProject
Project("{2150E333-8FDC-42A3-9474-1A3956D46DE8}") = "MicroCleanService", "MicroCleanService", "{63773B32-0BAE-4B1A-AC86-4916DD9D2280}"
EndProject
Project("{2150E333-8FDC-42A3-9474-1A3956D46DE8}") = "MicroCuisine", "MicroCuisine", "{C1CA677B-1B1D-41F6-B516-B0FCAEF08C04}"
EndProject
Project("{2150E333-8FDC-42A3-9474-1A3956D46DE8}") = "MicroLaundry", "MicroLaundry", "{0092349B-95C9-4428-8E73-A3D20EE3B6E5}"
EndProject
Project("{2150E333-8FDC-42A3-9474-1A3956D46DE8}") = "MicroHotelService", "MicroHotelService", "{7020C35F-122B-4623-BB50-C0B96CD66A05}"
EndProject
Project("{FAE04EC0-301F-11D3-BF4B-00C04F79EFBC}") = "MicroReservation.Domain", "MicroReservation.Domain\MicroReservation.Domain.csproj", "{68F88A0D-81F3-4982-B5E5-609AD92DBF40}"
EndProject
Project("{FAE04EC0-301F-11D3-BF4B-00C04F79EFBC}") = "MicroReservation.API", "MicroReservation.API\MicroReservation.API.csproj", "{857DE543-53A2-4ED0-810C-97FD071AD9D8}"
EndProject
Project("{FAE04EC0-301F-11D3-BF4B-00C04F79EFBC}") = "MicroReservation.Interface", "MicroReservation.Interface\MicroReservation.Interface.csproj", "{14A31849-9F42-4FD2-B5B5-BA0E53B72606}"
EndProject
Project("{FAE04EC0-301F-11D3-BF4B-00C04F79EFBC}") = "MicroLaundry.Domain", "MicroLaundry.Domain\MicroLaundry.Domain.csproj", "{99624C92-893A-4192-92EB-080F35AFAFD2}"
EndProject
Project("{FAE04EC0-301F-11D3-BF4B-00C04F79EFBC}") = "MicroLaundry.Interface", "MicroLaundry.Interface\MicroLaundry.Interface.csproj", "{2B7972D0-30C7-4178-A185-7C3B5015EEAC}"
EndProject
Project("{FAE04EC0-301F-11D3-BF4B-00C04F79EFBC}") = "MicroLaundry.API", "MicroLaundry.API\MicroLaundry.API.csproj", "{36B228F4-AE7B-4A67-8223-182E807874A4}"
EndProject
Project("{FAE04EC0-301F-11D3-BF4B-00C04F79EFBC}") = "MicroHotelService.Domain", "MicroHotelService.Domain\MicroHotelService.Domain.csproj", "{188C0E7B-D990-49C4-B0F3-505EA99F9576}"
EndProject
Project("{FAE04EC0-301F-11D3-BF4B-00C04F79EFBC}") = "MicroHotelService.API", "MicroHotelService.API\MicroHotelService.API.csproj", "{FF6BA71A-12CA-4926-AD88-79E2E9239EEC}"
EndProject
Project("{FAE04EC0-301F-11D3-BF4B-00C04F79EFBC}") = "MicroHotelService.Interface", "MicroHotelService.Interface\MicroHotelService.Interface.csproj", "{75CA1234-177D-4F09-867C-733008C4A0DC}"
EndProject
Project("{FAE04EC0-301F-11D3-BF4B-00C04F79EFBC}") = "MicroCuisine.Domain", "MicroCuisine.Domain\MicroCuisine.Domain.csproj", "{C57932E7-0A36-4F4D-A83F-A0AECEC70B49}"
EndProject
Project("{FAE04EC0-301F-11D3-BF4B-00C04F79EFBC}") = "MicroCuisine.Interface", "MicroCuisine.Interface\MicroCuisine.Interface.csproj", "{66DF4EFB-CBFB-464D-A8F3-C8EE9E040BC6}"
EndProject
Project("{FAE04EC0-301F-11D3-BF4B-00C04F79EFBC}") = "MicroCuisine.API", "MicroCuisine.API\MicroCuisine.API.csproj", "{74969250-4E90-45AD-9E87-FF51424D3CCE}"
EndProject
Project("{FAE04EC0-301F-11D3-BF4B-00C04F79EFBC}") = "MicroCleanService.API", "MicroCleanService.API\MicroCleanService.API.csproj", "{3808E412-DDBC-4E44-9C38-48C449BBB4A7}"
EndProject
Project("{FAE04EC0-301F-11D3-BF4B-00C04F79EFBC}") = "MicroCleanService.Domain", "MicroCleanService.Domain\MicroCleanService.Domain.csproj", "{2EF28CBB-E227-4464-897D-FCC4ADCC4790}"
EndProject
Project("{FAE04EC0-301F-11D3-BF4B-00C04F79EFBC}") = "MicroCleanService.Interface", "MicroCleanService.Interface\MicroCleanService.Interface.csproj", "{C1311EB8-B2C0-4C20-8148-20E8E9B69821}"
EndProject
Project("{FAE04EC0-301F-11D3-BF4B-00C04F79EFBC}") = "Hotel.Common.Domain", "Hotel.Common.Domain\Hotel.Common.Domain.csproj", "{D6C057B0-C2F6-41FF-92EB-08926EFBE811}"
EndProject
Project("{FAE04EC0-301F-11D3-BF4B-00C04F79EFBC}") = "Hotel.Infra.Bus", "Hotel.Infra.Bus\Hotel.Infra.Bus.csproj", "{47A62110-74FB-46C7-B138-8271EDFEC538}"
EndProject
Global
	GlobalSection(SolutionConfigurationPlatforms) = preSolution
		Debug|Any CPU = Debug|Any CPU
		Release|Any CPU = Release|Any CPU
	EndGlobalSection
	GlobalSection(ProjectConfigurationPlatforms) = postSolution
		{68F88A0D-81F3-4982-B5E5-609AD92DBF40}.Debug|Any CPU.ActiveCfg = Debug|Any CPU
		{68F88A0D-81F3-4982-B5E5-609AD92DBF40}.Debug|Any CPU.Build.0 = Debug|Any CPU
		{68F88A0D-81F3-4982-B5E5-609AD92DBF40}.Release|Any CPU.ActiveCfg = Release|Any CPU
		{68F88A0D-81F3-4982-B5E5-609AD92DBF40}.Release|Any CPU.Build.0 = Release|Any CPU
		{857DE543-53A2-4ED0-810C-97FD071AD9D8}.Debug|Any CPU.ActiveCfg = Debug|Any CPU
		{857DE543-53A2-4ED0-810C-97FD071AD9D8}.Debug|Any CPU.Build.0 = Debug|Any CPU
		{857DE543-53A2-4ED0-810C-97FD071AD9D8}.Release|Any CPU.ActiveCfg = Release|Any CPU
		{857DE543-53A2-4ED0-810C-97FD071AD9D8}.Release|Any CPU.Build.0 = Release|Any CPU
		{14A31849-9F42-4FD2-B5B5-BA0E53B72606}.Debug|Any CPU.ActiveCfg = Debug|Any CPU
		{14A31849-9F42-4FD2-B5B5-BA0E53B72606}.Debug|Any CPU.Build.0 = Debug|Any CPU
		{14A31849-9F42-4FD2-B5B5-BA0E53B72606}.Release|Any CPU.ActiveCfg = Release|Any CPU
		{14A31849-9F42-4FD2-B5B5-BA0E53B72606}.Release|Any CPU.Build.0 = Release|Any CPU
		{99624C92-893A-4192-92EB-080F35AFAFD2}.Debug|Any CPU.ActiveCfg = Debug|Any CPU
		{99624C92-893A-4192-92EB-080F35AFAFD2}.Debug|Any CPU.Build.0 = Debug|Any CPU
		{99624C92-893A-4192-92EB-080F35AFAFD2}.Release|Any CPU.ActiveCfg = Release|Any CPU
		{99624C92-893A-4192-92EB-080F35AFAFD2}.Release|Any CPU.Build.0 = Release|Any CPU
		{2B7972D0-30C7-4178-A185-7C3B5015EEAC}.Debug|Any CPU.ActiveCfg = Debug|Any CPU
		{2B7972D0-30C7-4178-A185-7C3B5015EEAC}.Debug|Any CPU.Build.0 = Debug|Any CPU
		{2B7972D0-30C7-4178-A185-7C3B5015EEAC}.Release|Any CPU.ActiveCfg = Release|Any CPU
		{2B7972D0-30C7-4178-A185-7C3B5015EEAC}.Release|Any CPU.Build.0 = Release|Any CPU
		{36B228F4-AE7B-4A67-8223-182E807874A4}.Debug|Any CPU.ActiveCfg = Debug|Any CPU
		{36B228F4-AE7B-4A67-8223-182E807874A4}.Debug|Any CPU.Build.0 = Debug|Any CPU
		{36B228F4-AE7B-4A67-8223-182E807874A4}.Release|Any CPU.ActiveCfg = Release|Any CPU
		{36B228F4-AE7B-4A67-8223-182E807874A4}.Release|Any CPU.Build.0 = Release|Any CPU
		{188C0E7B-D990-49C4-B0F3-505EA99F9576}.Debug|Any CPU.ActiveCfg = Debug|Any CPU
		{188C0E7B-D990-49C4-B0F3-505EA99F9576}.Debug|Any CPU.Build.0 = Debug|Any CPU
		{188C0E7B-D990-49C4-B0F3-505EA99F9576}.Release|Any CPU.ActiveCfg = Release|Any CPU
		{188C0E7B-D990-49C4-B0F3-505EA99F9576}.Release|Any CPU.Build.0 = Release|Any CPU
		{FF6BA71A-12CA-4926-AD88-79E2E9239EEC}.Debug|Any CPU.ActiveCfg = Debug|Any CPU
		{FF6BA71A-12CA-4926-AD88-79E2E9239EEC}.Debug|Any CPU.Build.0 = Debug|Any CPU
		{FF6BA71A-12CA-4926-AD88-79E2E9239EEC}.Release|Any CPU.ActiveCfg = Release|Any CPU
		{FF6BA71A-12CA-4926-AD88-79E2E9239EEC}.Release|Any CPU.Build.0 = Release|Any CPU
		{75CA1234-177D-4F09-867C-733008C4A0DC}.Debug|Any CPU.ActiveCfg = Debug|Any CPU
		{75CA1234-177D-4F09-867C-733008C4A0DC}.Debug|Any CPU.Build.0 = Debug|Any CPU
		{75CA1234-177D-4F09-867C-733008C4A0DC}.Release|Any CPU.ActiveCfg = Release|Any CPU
		{75CA1234-177D-4F09-867C-733008C4A0DC}.Release|Any CPU.Build.0 = Release|Any CPU
		{C57932E7-0A36-4F4D-A83F-A0AECEC70B49}.Debug|Any CPU.ActiveCfg = Debug|Any CPU
		{C57932E7-0A36-4F4D-A83F-A0AECEC70B49}.Debug|Any CPU.Build.0 = Debug|Any CPU
		{C57932E7-0A36-4F4D-A83F-A0AECEC70B49}.Release|Any CPU.ActiveCfg = Release|Any CPU
		{C57932E7-0A36-4F4D-A83F-A0AECEC70B49}.Release|Any CPU.Build.0 = Release|Any CPU
		{66DF4EFB-CBFB-464D-A8F3-C8EE9E040BC6}.Debug|Any CPU.ActiveCfg = Debug|Any CPU
		{66DF4EFB-CBFB-464D-A8F3-C8EE9E040BC6}.Debug|Any CPU.Build.0 = Debug|Any CPU
		{66DF4EFB-CBFB-464D-A8F3-C8EE9E040BC6}.Release|Any CPU.ActiveCfg = Release|Any CPU
		{66DF4EFB-CBFB-464D-A8F3-C8EE9E040BC6}.Release|Any CPU.Build.0 = Release|Any CPU
		{74969250-4E90-45AD-9E87-FF51424D3CCE}.Debug|Any CPU.ActiveCfg = Debug|Any CPU
		{74969250-4E90-45AD-9E87-FF51424D3CCE}.Debug|Any CPU.Build.0 = Debug|Any CPU
		{74969250-4E90-45AD-9E87-FF51424D3CCE}.Release|Any CPU.ActiveCfg = Release|Any CPU
		{74969250-4E90-45AD-9E87-FF51424D3CCE}.Release|Any CPU.Build.0 = Release|Any CPU
		{3808E412-DDBC-4E44-9C38-48C449BBB4A7}.Debug|Any CPU.ActiveCfg = Debug|Any CPU
		{3808E412-DDBC-4E44-9C38-48C449BBB4A7}.Debug|Any CPU.Build.0 = Debug|Any CPU
		{3808E412-DDBC-4E44-9C38-48C449BBB4A7}.Release|Any CPU.ActiveCfg = Release|Any CPU
		{3808E412-DDBC-4E44-9C38-48C449BBB4A7}.Release|Any CPU.Build.0 = Release|Any CPU
		{2EF28CBB-E227-4464-897D-FCC4ADCC4790}.Debug|Any CPU.ActiveCfg = Debug|Any CPU
		{2EF28CBB-E227-4464-897D-FCC4ADCC4790}.Debug|Any CPU.Build.0 = Debug|Any CPU
		{2EF28CBB-E227-4464-897D-FCC4ADCC4790}.Release|Any CPU.ActiveCfg = Release|Any CPU
		{2EF28CBB-E227-4464-897D-FCC4ADCC4790}.Release|Any CPU.Build.0 = Release|Any CPU
		{C1311EB8-B2C0-4C20-8148-20E8E9B69821}.Debug|Any CPU.ActiveCfg = Debug|Any CPU
		{C1311EB8-B2C0-4C20-8148-20E8E9B69821}.Debug|Any CPU.Build.0 = Debug|Any CPU
		{C1311EB8-B2C0-4C20-8148-20E8E9B69821}.Release|Any CPU.ActiveCfg = Release|Any CPU
		{C1311EB8-B2C0-4C20-8148-20E8E9B69821}.Release|Any CPU.Build.0 = Release|Any CPU
		{D6C057B0-C2F6-41FF-92EB-08926EFBE811}.Debug|Any CPU.ActiveCfg = Debug|Any CPU
		{D6C057B0-C2F6-41FF-92EB-08926EFBE811}.Debug|Any CPU.Build.0 = Debug|Any CPU
		{D6C057B0-C2F6-41FF-92EB-08926EFBE811}.Release|Any CPU.ActiveCfg = Release|Any CPU
		{D6C057B0-C2F6-41FF-92EB-08926EFBE811}.Release|Any CPU.Build.0 = Release|Any CPU
		{47A62110-74FB-46C7-B138-8271EDFEC538}.Debug|Any CPU.ActiveCfg = Debug|Any CPU
		{47A62110-74FB-46C7-B138-8271EDFEC538}.Debug|Any CPU.Build.0 = Debug|Any CPU
		{47A62110-74FB-46C7-B138-8271EDFEC538}.Release|Any CPU.ActiveCfg = Release|Any CPU
		{47A62110-74FB-46C7-B138-8271EDFEC538}.Release|Any CPU.Build.0 = Release|Any CPU
	EndGlobalSection
	GlobalSection(SolutionProperties) = preSolution
		HideSolutionNode = FALSE
	EndGlobalSection
	GlobalSection(NestedProjects) = preSolution
		{68F88A0D-81F3-4982-B5E5-609AD92DBF40} = {CB160C99-217D-4438-B2D4-197310E78628}
		{857DE543-53A2-4ED0-810C-97FD071AD9D8} = {CB160C99-217D-4438-B2D4-197310E78628}
		{14A31849-9F42-4FD2-B5B5-BA0E53B72606} = {CB160C99-217D-4438-B2D4-197310E78628}
		{99624C92-893A-4192-92EB-080F35AFAFD2} = {0092349B-95C9-4428-8E73-A3D20EE3B6E5}
		{2B7972D0-30C7-4178-A185-7C3B5015EEAC} = {0092349B-95C9-4428-8E73-A3D20EE3B6E5}
		{36B228F4-AE7B-4A67-8223-182E807874A4} = {0092349B-95C9-4428-8E73-A3D20EE3B6E5}
		{188C0E7B-D990-49C4-B0F3-505EA99F9576} = {7020C35F-122B-4623-BB50-C0B96CD66A05}
		{FF6BA71A-12CA-4926-AD88-79E2E9239EEC} = {7020C35F-122B-4623-BB50-C0B96CD66A05}
		{75CA1234-177D-4F09-867C-733008C4A0DC} = {7020C35F-122B-4623-BB50-C0B96CD66A05}
		{C57932E7-0A36-4F4D-A83F-A0AECEC70B49} = {C1CA677B-1B1D-41F6-B516-B0FCAEF08C04}
		{66DF4EFB-CBFB-464D-A8F3-C8EE9E040BC6} = {C1CA677B-1B1D-41F6-B516-B0FCAEF08C04}
		{74969250-4E90-45AD-9E87-FF51424D3CCE} = {C1CA677B-1B1D-41F6-B516-B0FCAEF08C04}
		{3808E412-DDBC-4E44-9C38-48C449BBB4A7} = {63773B32-0BAE-4B1A-AC86-4916DD9D2280}
		{2EF28CBB-E227-4464-897D-FCC4ADCC4790} = {63773B32-0BAE-4B1A-AC86-4916DD9D2280}
		{C1311EB8-B2C0-4C20-8148-20E8E9B69821} = {63773B32-0BAE-4B1A-AC86-4916DD9D2280}
		{D6C057B0-C2F6-41FF-92EB-08926EFBE811} = {02EA681E-C7D8-13C7-8484-4AC65E1B71E8}
		{47A62110-74FB-46C7-B138-8271EDFEC538} = {02EA681E-C7D8-13C7-8484-4AC65E1B71E8}
	EndGlobalSection
	GlobalSection(ExtensibilityGlobals) = postSolution
		SolutionGuid = {2F299405-8B93-4104-BFA7-DAC1EA348517}
	EndGlobalSection
EndGlobal
