
Microsoft Visual Studio Solution File, Format Version 12.00
# Visual Studio Version 17
VisualStudioVersion = 17.13.35825.156
MinimumVisualStudioVersion = 10.0.40219.1
Project("{C9674DCB-5085-4A16-B785-4C70DD1589BD}") = "Integration Services Project LATEST", "Integration Services Project LATEST\Integration Services Project LATEST.dtproj", "{81FAA6AD-48D2-549C-0D06-969268A8CF99}"
EndProject
Global
	GlobalSection(SolutionConfigurationPlatforms) = preSolution
		Development|Default = Development|Default
	EndGlobalSection
	GlobalSection(ProjectConfigurationPlatforms) = postSolution
		{81FAA6AD-48D2-549C-0D06-969268A8CF99}.Development|Default.ActiveCfg = Development
		{81FAA6AD-48D2-549C-0D06-969268A8CF99}.Development|Default.Build.0 = Development
	EndGlobalSection
	GlobalSection(SolutionProperties) = preSolution
		HideSolutionNode = FALSE
	EndGlobalSection
	GlobalSection(ExtensibilityGlobals) = postSolution
		SolutionGuid = {9BC9645D-7947-47A9-AE36-67AC25AA6209}
	EndGlobalSection
EndGlobal
