
Microsoft Visual Studio Solution File, Format Version 12.00
# Visual Studio Version 17
VisualStudioVersion = 17.13.35825.156
MinimumVisualStudioVersion = 10.0.40219.1
Project("{2150E333-8FDC-42A3-9474-1A3956D46DE8}") = "micro1", "micro1", "{02EA681E-C7D8-13C7-8484-4AC65E1B71E8}"
EndProject
Project("{2150E333-8FDC-42A3-9474-1A3956D46DE8}") = "micro2", "micro2", "{CC7C3CB9-2807-42F9-A0CE-3C358E2F55F8}"
EndProject
Project("{2150E333-8FDC-42A3-9474-1A3956D46DE8}") = "micro3", "micro3", "{C884BE06-C8F4-45CC-9D5A-8D1BA4C9835C}"
EndProject
Project("{2150E333-8FDC-42A3-9474-1A3956D46DE8}") = "micro4", "micro4", "{5EC6E080-5F7F-4C0C-9CC6-959DF46EF512}"
EndProject
Project("{FAE04EC0-301F-11D3-BF4B-00C04F79EFBC}") = "Domain1", "Domain\Domain1.csproj", "{9E3119FA-3372-4173-A34B-A3952B3D7123}"
EndProject
Project("{FAE04EC0-301F-11D3-BF4B-00C04F79EFBC}") = "App1", "App1\App1.csproj", "{DE546619-9422-4E9C-A5DE-DDA6965D479C}"
EndProject
Project("{FAE04EC0-301F-11D3-BF4B-00C04F79EFBC}") = "api1", "api1\api1.csproj", "{E9E6E682-8D5D-457C-8ED7-3DB8F59897AE}"
EndProject
Project("{FAE04EC0-301F-11D3-BF4B-00C04F79EFBC}") = "app2", "app2\app2.csproj", "{3FF5D75E-2F86-4802-88B2-7CAEFC81757C}"
EndProject
Project("{FAE04EC0-301F-11D3-BF4B-00C04F79EFBC}") = "domain2", "domain2\domain2.csproj", "{3FB86A6C-C3D3-497E-9D77-7183E5CAD771}"
EndProject
Project("{FAE04EC0-301F-11D3-BF4B-00C04F79EFBC}") = "api2", "api2\api2.csproj", "{CE0FBA24-B0DA-4F00-BD2B-0C70212130C9}"
EndProject
Project("{FAE04EC0-301F-11D3-BF4B-00C04F79EFBC}") = "api3", "api3\api3.csproj", "{B9EDDF74-8DDB-4976-BBBB-96BD8FA01430}"
EndProject
Project("{FAE04EC0-301F-11D3-BF4B-00C04F79EFBC}") = "app3", "app31\app3.csproj", "{04E66DB3-8BD5-48CF-8847-0EE594D73DFA}"
EndProject
Project("{FAE04EC0-301F-11D3-BF4B-00C04F79EFBC}") = "domain3", "domain3\domain3.csproj", "{5168F2DB-19D8-459A-9730-6F4F35152593}"
EndProject
Project("{FAE04EC0-301F-11D3-BF4B-00C04F79EFBC}") = "api4", "api4\api4.csproj", "{30E13694-FE81-4A04-BB77-E4CB2508E00B}"
EndProject
Project("{FAE04EC0-301F-11D3-BF4B-00C04F79EFBC}") = "domain4", "domain4\domain4.csproj", "{70288CAA-550E-479E-9479-ED90F3B1F3E5}"
EndProject
Project("{FAE04EC0-301F-11D3-BF4B-00C04F79EFBC}") = "app4", "app4\app4.csproj", "{5F439153-D255-4331-BFBF-B63355112D51}"
EndProject
Project("{2150E333-8FDC-42A3-9474-1A3956D46DE8}") = "Elementy rozwiązania", "Elementy rozwiązania", "{8FB176BD-0036-D269-15EA-F86E90622887}"
	ProjectSection(SolutionItems) = preProject
		appsettings.json = appsettings.json
		Program.cs = Program.cs
	EndProjectSection
EndProject
Project("{2150E333-8FDC-42A3-9474-1A3956D46DE8}") = "micro6", "micro6", "{E3BCA7E4-7113-4F94-B4EE-83E742B03A4F}"
EndProject
Project("{2150E333-8FDC-42A3-9474-1A3956D46DE8}") = "micro5", "micro5", "{FE048588-9D9F-41B7-8766-2B6C8AE777E8}"
EndProject
Project("{2150E333-8FDC-42A3-9474-1A3956D46DE8}") = "micro7", "micro7", "{A0CD29D6-7BD3-4286-B135-F3A799082039}"
EndProject
Project("{FAE04EC0-301F-11D3-BF4B-00C04F79EFBC}") = "app5", "app5\app5.csproj", "{F0467A29-8927-49F8-9429-1EB393F4C86A}"
EndProject
Project("{FAE04EC0-301F-11D3-BF4B-00C04F79EFBC}") = "domain5", "domain5\domain5.csproj", "{B6C23B33-979A-45F2-AB5E-C8E90952FDAA}"
EndProject
Project("{FAE04EC0-301F-11D3-BF4B-00C04F79EFBC}") = "api5", "api5\api5.csproj", "{EF2C93B9-A54F-4B59-A580-D024831FA7F9}"
EndProject
Project("{FAE04EC0-301F-11D3-BF4B-00C04F79EFBC}") = "app6", "app6\app6.csproj", "{280EA4FF-F7D3-443C-AF56-830F4D56A504}"
EndProject
Project("{FAE04EC0-301F-11D3-BF4B-00C04F79EFBC}") = "domain6", "domain6\domain6.csproj", "{53CE97DB-696D-4491-BC8A-23A3E333ACAF}"
EndProject
Project("{FAE04EC0-301F-11D3-BF4B-00C04F79EFBC}") = "api6", "api6\api6.csproj", "{63621394-9C0B-43BE-97A7-4105952019BD}"
EndProject
Project("{FAE04EC0-301F-11D3-BF4B-00C04F79EFBC}") = "app7", "app7\app7.csproj", "{1F18FA6D-6153-4B9E-8023-F261E8831C0A}"
EndProject
Project("{FAE04EC0-301F-11D3-BF4B-00C04F79EFBC}") = "domain7", "domain7\domain7.csproj", "{06C2BCA2-D41E-4A21-A6A3-CE9A3EDE9947}"
EndProject
Project("{FAE04EC0-301F-11D3-BF4B-00C04F79EFBC}") = "api7", "api7\api7.csproj", "{FB0401DC-0ED0-4053-8004-2D7DA4C6C6EE}"
EndProject
Global
	GlobalSection(SolutionConfigurationPlatforms) = preSolution
		Debug|Any CPU = Debug|Any CPU
		Release|Any CPU = Release|Any CPU
	EndGlobalSection
	GlobalSection(ProjectConfigurationPlatforms) = postSolution
		{9E3119FA-3372-4173-A34B-A3952B3D7123}.Debug|Any CPU.ActiveCfg = Debug|Any CPU
		{9E3119FA-3372-4173-A34B-A3952B3D7123}.Debug|Any CPU.Build.0 = Debug|Any CPU
		{9E3119FA-3372-4173-A34B-A3952B3D7123}.Release|Any CPU.ActiveCfg = Release|Any CPU
		{9E3119FA-3372-4173-A34B-A3952B3D7123}.Release|Any CPU.Build.0 = Release|Any CPU
		{DE546619-9422-4E9C-A5DE-DDA6965D479C}.Debug|Any CPU.ActiveCfg = Debug|Any CPU
		{DE546619-9422-4E9C-A5DE-DDA6965D479C}.Debug|Any CPU.Build.0 = Debug|Any CPU
		{DE546619-9422-4E9C-A5DE-DDA6965D479C}.Release|Any CPU.ActiveCfg = Release|Any CPU
		{DE546619-9422-4E9C-A5DE-DDA6965D479C}.Release|Any CPU.Build.0 = Release|Any CPU
		{E9E6E682-8D5D-457C-8ED7-3DB8F59897AE}.Debug|Any CPU.ActiveCfg = Debug|Any CPU
		{E9E6E682-8D5D-457C-8ED7-3DB8F59897AE}.Debug|Any CPU.Build.0 = Debug|Any CPU
		{E9E6E682-8D5D-457C-8ED7-3DB8F59897AE}.Release|Any CPU.ActiveCfg = Release|Any CPU
		{E9E6E682-8D5D-457C-8ED7-3DB8F59897AE}.Release|Any CPU.Build.0 = Release|Any CPU
		{3FF5D75E-2F86-4802-88B2-7CAEFC81757C}.Debug|Any CPU.ActiveCfg = Debug|Any CPU
		{3FF5D75E-2F86-4802-88B2-7CAEFC81757C}.Debug|Any CPU.Build.0 = Debug|Any CPU
		{3FF5D75E-2F86-4802-88B2-7CAEFC81757C}.Release|Any CPU.ActiveCfg = Release|Any CPU
		{3FF5D75E-2F86-4802-88B2-7CAEFC81757C}.Release|Any CPU.Build.0 = Release|Any CPU
		{3FB86A6C-C3D3-497E-9D77-7183E5CAD771}.Debug|Any CPU.ActiveCfg = Debug|Any CPU
		{3FB86A6C-C3D3-497E-9D77-7183E5CAD771}.Debug|Any CPU.Build.0 = Debug|Any CPU
		{3FB86A6C-C3D3-497E-9D77-7183E5CAD771}.Release|Any CPU.ActiveCfg = Release|Any CPU
		{3FB86A6C-C3D3-497E-9D77-7183E5CAD771}.Release|Any CPU.Build.0 = Release|Any CPU
		{CE0FBA24-B0DA-4F00-BD2B-0C70212130C9}.Debug|Any CPU.ActiveCfg = Debug|Any CPU
		{CE0FBA24-B0DA-4F00-BD2B-0C70212130C9}.Debug|Any CPU.Build.0 = Debug|Any CPU
		{CE0FBA24-B0DA-4F00-BD2B-0C70212130C9}.Release|Any CPU.ActiveCfg = Release|Any CPU
		{CE0FBA24-B0DA-4F00-BD2B-0C70212130C9}.Release|Any CPU.Build.0 = Release|Any CPU
		{B9EDDF74-8DDB-4976-BBBB-96BD8FA01430}.Debug|Any CPU.ActiveCfg = Debug|Any CPU
		{B9EDDF74-8DDB-4976-BBBB-96BD8FA01430}.Debug|Any CPU.Build.0 = Debug|Any CPU
		{B9EDDF74-8DDB-4976-BBBB-96BD8FA01430}.Release|Any CPU.ActiveCfg = Release|Any CPU
		{B9EDDF74-8DDB-4976-BBBB-96BD8FA01430}.Release|Any CPU.Build.0 = Release|Any CPU
		{04E66DB3-8BD5-48CF-8847-0EE594D73DFA}.Debug|Any CPU.ActiveCfg = Debug|Any CPU
		{04E66DB3-8BD5-48CF-8847-0EE594D73DFA}.Debug|Any CPU.Build.0 = Debug|Any CPU
		{04E66DB3-8BD5-48CF-8847-0EE594D73DFA}.Release|Any CPU.ActiveCfg = Release|Any CPU
		{04E66DB3-8BD5-48CF-8847-0EE594D73DFA}.Release|Any CPU.Build.0 = Release|Any CPU
		{5168F2DB-19D8-459A-9730-6F4F35152593}.Debug|Any CPU.ActiveCfg = Debug|Any CPU
		{5168F2DB-19D8-459A-9730-6F4F35152593}.Debug|Any CPU.Build.0 = Debug|Any CPU
		{5168F2DB-19D8-459A-9730-6F4F35152593}.Release|Any CPU.ActiveCfg = Release|Any CPU
		{5168F2DB-19D8-459A-9730-6F4F35152593}.Release|Any CPU.Build.0 = Release|Any CPU
		{30E13694-FE81-4A04-BB77-E4CB2508E00B}.Debug|Any CPU.ActiveCfg = Debug|Any CPU
		{30E13694-FE81-4A04-BB77-E4CB2508E00B}.Debug|Any CPU.Build.0 = Debug|Any CPU
		{30E13694-FE81-4A04-BB77-E4CB2508E00B}.Release|Any CPU.ActiveCfg = Release|Any CPU
		{30E13694-FE81-4A04-BB77-E4CB2508E00B}.Release|Any CPU.Build.0 = Release|Any CPU
		{70288CAA-550E-479E-9479-ED90F3B1F3E5}.Debug|Any CPU.ActiveCfg = Debug|Any CPU
		{70288CAA-550E-479E-9479-ED90F3B1F3E5}.Debug|Any CPU.Build.0 = Debug|Any CPU
		{70288CAA-550E-479E-9479-ED90F3B1F3E5}.Release|Any CPU.ActiveCfg = Release|Any CPU
		{70288CAA-550E-479E-9479-ED90F3B1F3E5}.Release|Any CPU.Build.0 = Release|Any CPU
		{5F439153-D255-4331-BFBF-B63355112D51}.Debug|Any CPU.ActiveCfg = Debug|Any CPU
		{5F439153-D255-4331-BFBF-B63355112D51}.Debug|Any CPU.Build.0 = Debug|Any CPU
		{5F439153-D255-4331-BFBF-B63355112D51}.Release|Any CPU.ActiveCfg = Release|Any CPU
		{5F439153-D255-4331-BFBF-B63355112D51}.Release|Any CPU.Build.0 = Release|Any CPU
		{F0467A29-8927-49F8-9429-1EB393F4C86A}.Debug|Any CPU.ActiveCfg = Debug|Any CPU
		{F0467A29-8927-49F8-9429-1EB393F4C86A}.Debug|Any CPU.Build.0 = Debug|Any CPU
		{F0467A29-8927-49F8-9429-1EB393F4C86A}.Release|Any CPU.ActiveCfg = Release|Any CPU
		{F0467A29-8927-49F8-9429-1EB393F4C86A}.Release|Any CPU.Build.0 = Release|Any CPU
		{B6C23B33-979A-45F2-AB5E-C8E90952FDAA}.Debug|Any CPU.ActiveCfg = Debug|Any CPU
		{B6C23B33-979A-45F2-AB5E-C8E90952FDAA}.Debug|Any CPU.Build.0 = Debug|Any CPU
		{B6C23B33-979A-45F2-AB5E-C8E90952FDAA}.Release|Any CPU.ActiveCfg = Release|Any CPU
		{B6C23B33-979A-45F2-AB5E-C8E90952FDAA}.Release|Any CPU.Build.0 = Release|Any CPU
		{EF2C93B9-A54F-4B59-A580-D024831FA7F9}.Debug|Any CPU.ActiveCfg = Debug|Any CPU
		{EF2C93B9-A54F-4B59-A580-D024831FA7F9}.Debug|Any CPU.Build.0 = Debug|Any CPU
		{EF2C93B9-A54F-4B59-A580-D024831FA7F9}.Release|Any CPU.ActiveCfg = Release|Any CPU
		{EF2C93B9-A54F-4B59-A580-D024831FA7F9}.Release|Any CPU.Build.0 = Release|Any CPU
		{280EA4FF-F7D3-443C-AF56-830F4D56A504}.Debug|Any CPU.ActiveCfg = Debug|Any CPU
		{280EA4FF-F7D3-443C-AF56-830F4D56A504}.Debug|Any CPU.Build.0 = Debug|Any CPU
		{280EA4FF-F7D3-443C-AF56-830F4D56A504}.Release|Any CPU.ActiveCfg = Release|Any CPU
		{280EA4FF-F7D3-443C-AF56-830F4D56A504}.Release|Any CPU.Build.0 = Release|Any CPU
		{53CE97DB-696D-4491-BC8A-23A3E333ACAF}.Debug|Any CPU.ActiveCfg = Debug|Any CPU
		{53CE97DB-696D-4491-BC8A-23A3E333ACAF}.Debug|Any CPU.Build.0 = Debug|Any CPU
		{53CE97DB-696D-4491-BC8A-23A3E333ACAF}.Release|Any CPU.ActiveCfg = Release|Any CPU
		{53CE97DB-696D-4491-BC8A-23A3E333ACAF}.Release|Any CPU.Build.0 = Release|Any CPU
		{63621394-9C0B-43BE-97A7-4105952019BD}.Debug|Any CPU.ActiveCfg = Debug|Any CPU
		{63621394-9C0B-43BE-97A7-4105952019BD}.Debug|Any CPU.Build.0 = Debug|Any CPU
		{63621394-9C0B-43BE-97A7-4105952019BD}.Release|Any CPU.ActiveCfg = Release|Any CPU
		{63621394-9C0B-43BE-97A7-4105952019BD}.Release|Any CPU.Build.0 = Release|Any CPU
		{1F18FA6D-6153-4B9E-8023-F261E8831C0A}.Debug|Any CPU.ActiveCfg = Debug|Any CPU
		{1F18FA6D-6153-4B9E-8023-F261E8831C0A}.Debug|Any CPU.Build.0 = Debug|Any CPU
		{1F18FA6D-6153-4B9E-8023-F261E8831C0A}.Release|Any CPU.ActiveCfg = Release|Any CPU
		{1F18FA6D-6153-4B9E-8023-F261E8831C0A}.Release|Any CPU.Build.0 = Release|Any CPU
		{06C2BCA2-D41E-4A21-A6A3-CE9A3EDE9947}.Debug|Any CPU.ActiveCfg = Debug|Any CPU
		{06C2BCA2-D41E-4A21-A6A3-CE9A3EDE9947}.Debug|Any CPU.Build.0 = Debug|Any CPU
		{06C2BCA2-D41E-4A21-A6A3-CE9A3EDE9947}.Release|Any CPU.ActiveCfg = Release|Any CPU
		{06C2BCA2-D41E-4A21-A6A3-CE9A3EDE9947}.Release|Any CPU.Build.0 = Release|Any CPU
		{FB0401DC-0ED0-4053-8004-2D7DA4C6C6EE}.Debug|Any CPU.ActiveCfg = Debug|Any CPU
		{FB0401DC-0ED0-4053-8004-2D7DA4C6C6EE}.Debug|Any CPU.Build.0 = Debug|Any CPU
		{FB0401DC-0ED0-4053-8004-2D7DA4C6C6EE}.Release|Any CPU.ActiveCfg = Release|Any CPU
		{FB0401DC-0ED0-4053-8004-2D7DA4C6C6EE}.Release|Any CPU.Build.0 = Release|Any CPU
	EndGlobalSection
	GlobalSection(SolutionProperties) = preSolution
		HideSolutionNode = FALSE
	EndGlobalSection
	GlobalSection(NestedProjects) = preSolution
		{9E3119FA-3372-4173-A34B-A3952B3D7123} = {02EA681E-C7D8-13C7-8484-4AC65E1B71E8}
		{DE546619-9422-4E9C-A5DE-DDA6965D479C} = {02EA681E-C7D8-13C7-8484-4AC65E1B71E8}
		{E9E6E682-8D5D-457C-8ED7-3DB8F59897AE} = {02EA681E-C7D8-13C7-8484-4AC65E1B71E8}
		{3FF5D75E-2F86-4802-88B2-7CAEFC81757C} = {CC7C3CB9-2807-42F9-A0CE-3C358E2F55F8}
		{3FB86A6C-C3D3-497E-9D77-7183E5CAD771} = {CC7C3CB9-2807-42F9-A0CE-3C358E2F55F8}
		{CE0FBA24-B0DA-4F00-BD2B-0C70212130C9} = {CC7C3CB9-2807-42F9-A0CE-3C358E2F55F8}
		{B9EDDF74-8DDB-4976-BBBB-96BD8FA01430} = {C884BE06-C8F4-45CC-9D5A-8D1BA4C9835C}
		{04E66DB3-8BD5-48CF-8847-0EE594D73DFA} = {C884BE06-C8F4-45CC-9D5A-8D1BA4C9835C}
		{5168F2DB-19D8-459A-9730-6F4F35152593} = {C884BE06-C8F4-45CC-9D5A-8D1BA4C9835C}
		{30E13694-FE81-4A04-BB77-E4CB2508E00B} = {5EC6E080-5F7F-4C0C-9CC6-959DF46EF512}
		{70288CAA-550E-479E-9479-ED90F3B1F3E5} = {5EC6E080-5F7F-4C0C-9CC6-959DF46EF512}
		{5F439153-D255-4331-BFBF-B63355112D51} = {5EC6E080-5F7F-4C0C-9CC6-959DF46EF512}
		{F0467A29-8927-49F8-9429-1EB393F4C86A} = {FE048588-9D9F-41B7-8766-2B6C8AE777E8}
		{B6C23B33-979A-45F2-AB5E-C8E90952FDAA} = {FE048588-9D9F-41B7-8766-2B6C8AE777E8}
		{EF2C93B9-A54F-4B59-A580-D024831FA7F9} = {FE048588-9D9F-41B7-8766-2B6C8AE777E8}
		{280EA4FF-F7D3-443C-AF56-830F4D56A504} = {E3BCA7E4-7113-4F94-B4EE-83E742B03A4F}
		{53CE97DB-696D-4491-BC8A-23A3E333ACAF} = {E3BCA7E4-7113-4F94-B4EE-83E742B03A4F}
		{63621394-9C0B-43BE-97A7-4105952019BD} = {E3BCA7E4-7113-4F94-B4EE-83E742B03A4F}
		{1F18FA6D-6153-4B9E-8023-F261E8831C0A} = {A0CD29D6-7BD3-4286-B135-F3A799082039}
		{06C2BCA2-D41E-4A21-A6A3-CE9A3EDE9947} = {A0CD29D6-7BD3-4286-B135-F3A799082039}
		{FB0401DC-0ED0-4053-8004-2D7DA4C6C6EE} = {A0CD29D6-7BD3-4286-B135-F3A799082039}
	EndGlobalSection
	GlobalSection(ExtensibilityGlobals) = postSolution
		SolutionGuid = {F8CA4FB5-FBD4-4BF3-896E-144102E53015}
	EndGlobalSection
EndGlobal
