
Microsoft Visual Studio Solution File, Format Version 12.00
# Visual Studio Version 17
VisualStudioVersion = 17.13.35825.156 d17.13
MinimumVisualStudioVersion = 10.0.40219.1
Project("{D2ABAB84-BF74-430A-B69E-9DC6D40DDA17}") = "SSAS tmp", "SSAS tmp\SSAS tmp.dwproj", "{4A7D2BE1-69E4-6B85-C4ED-3758EC57A03A}"
EndProject
Global
	GlobalSection(SolutionConfigurationPlatforms) = preSolution
		Development|Default = Development|Default
	EndGlobalSection
	GlobalSection(ProjectConfigurationPlatforms) = postSolution
		{4A7D2BE1-69E4-6B85-C4ED-3758EC57A03A}.Development|Default.ActiveCfg = Development
		{4A7D2BE1-69E4-6B85-C4ED-3758EC57A03A}.Development|Default.Build.0 = Development
		{4A7D2BE1-69E4-6B85-C4ED-3758EC57A03A}.Development|Default.Deploy.0 = Development
	EndGlobalSection
	GlobalSection(SolutionProperties) = preSolution
		HideSolutionNode = FALSE
	EndGlobalSection
	GlobalSection(ExtensibilityGlobals) = postSolution
		SolutionGuid = {C08614BB-BC3C-4FB3-B784-E7CF3EA30803}
	EndGlobalSection
EndGlobal
