
Microsoft Visual Studio Solution File, Format Version 12.00
# Visual Studio Version 17
VisualStudioVersion = 17.13.35825.156 d17.13
MinimumVisualStudioVersion = 10.0.40219.1
Project("{D2ABAB84-BF74-430A-B69E-9DC6D40DDA17}") = "SSAS Brazil Allegro Latest", "SSAS Brazil Allegro Latest\SSAS Brazil Allegro Latest.dwproj", "{8EEFB0DE-B3E2-BC7B-3E59-B59FCB6A7830}"
EndProject
Global
	GlobalSection(SolutionConfigurationPlatforms) = preSolution
		Development|Default = Development|Default
	EndGlobalSection
	GlobalSection(ProjectConfigurationPlatforms) = postSolution
		{8EEFB0DE-B3E2-BC7B-3E59-B59FCB6A7830}.Development|Default.ActiveCfg = Development
		{8EEFB0DE-B3E2-BC7B-3E59-B59FCB6A7830}.Development|Default.Build.0 = Development
		{8EEFB0DE-B3E2-BC7B-3E59-B59FCB6A7830}.Development|Default.Deploy.0 = Development
	EndGlobalSection
	GlobalSection(SolutionProperties) = preSolution
		HideSolutionNode = FALSE
	EndGlobalSection
	GlobalSection(ExtensibilityGlobals) = postSolution
		SolutionGuid = {83A4C44F-0B4C-416F-84BE-5501F2F4BE13}
	EndGlobalSection
EndGlobal
